
Microsoft Visual Studio Solution File, Format Version 12.00
# Visual Studio 15
VisualStudioVersion = 15.0.28307.102
MinimumVisualStudioVersion = 10.0.40219.1
Project("{FAE04EC0-301F-11D3-BF4B-00C04F79EFBC}") = "Decorator", "Decorator\Decorator.csproj", "{81B74419-FFB7-4A74-96AD-0C7D92C4ADFD}"
EndProject
Project("{FAE04EC0-301F-11D3-BF4B-00C04F79EFBC}") = "Adapter", "Adapter\Adapter.csproj", "{B0ADE0AF-3A0F-4463-9CF1-4B87E2C33FD5}"
EndProject
Project("{FAE04EC0-301F-11D3-BF4B-00C04F79EFBC}") = "PrinterScannerCopierMFU", "PrinterScannerCopierMFU\PrinterScannerCopierMFU.csproj", "{084E0BEE-F129-4BBB-83F5-9609050E78FC}"
EndProject
Project("{FAE04EC0-301F-11D3-BF4B-00C04F79EFBC}") = "Bridge", "Bridge\Bridge.csproj", "{D9EB0FCA-E34C-454C-9E90-E72204BAC687}"
EndProject
Project("{FAE04EC0-301F-11D3-BF4B-00C04F79EFBC}") = "Builder", "Builder\Builder.csproj", "{1AE8455C-6A78-414B-B754-35226E973A7D}"
EndProject
Project("{FAE04EC0-301F-11D3-BF4B-00C04F79EFBC}") = "ChainOfResponsibility", "ChainOfResponsibility\ChainOfResponsibility.csproj", "{985E1582-4F11-4615-9143-1DEE2A5D22E1}"
EndProject
Project("{FAE04EC0-301F-11D3-BF4B-00C04F79EFBC}") = "AbstractFactory", "AbstractFactory\AbstractFactory.csproj", "{E0FE06B2-4E4E-406B-B23B-669219E3F3FF}"
EndProject
Project("{FAE04EC0-301F-11D3-BF4B-00C04F79EFBC}") = "Command", "Command\Command.csproj", "{2A048F81-5831-4A15-B9C3-EB5214850AD5}"
EndProject
Project("{FAE04EC0-301F-11D3-BF4B-00C04F79EFBC}") = "Composite", "Composite\Composite.csproj", "{E786AFD9-98A9-4919-9BD7-6462238963FC}"
EndProject
Project("{FAE04EC0-301F-11D3-BF4B-00C04F79EFBC}") = "Flyweight", "Flyweight\Flyweight.csproj", "{C9CAFC98-5211-4043-9070-048655DEF87C}"
EndProject
Project("{FAE04EC0-301F-11D3-BF4B-00C04F79EFBC}") = "FlyweightWindowsFormsDemo", "FlyweightWindowsFormsDemo\FlyweightWindowsFormsDemo.csproj", "{9DF21393-48E5-4E06-8DFA-3476181B6D62}"
EndProject
Project("{FAE04EC0-301F-11D3-BF4B-00C04F79EFBC}") = "Mediator", "Mediator\Mediator.csproj", "{DD62E0D3-E71B-4CA3-9D88-A375A6B03682}"
EndProject
Project("{FAE04EC0-301F-11D3-BF4B-00C04F79EFBC}") = "Memento", "Memento\Memento.csproj", "{E9CC596F-DCC7-4A3A-990F-E7202BC1E868}"
EndProject
Global
	GlobalSection(SolutionConfigurationPlatforms) = preSolution
		Debug|Any CPU = Debug|Any CPU
		Release|Any CPU = Release|Any CPU
	EndGlobalSection
	GlobalSection(ProjectConfigurationPlatforms) = postSolution
		{81B74419-FFB7-4A74-96AD-0C7D92C4ADFD}.Debug|Any CPU.ActiveCfg = Debug|Any CPU
		{81B74419-FFB7-4A74-96AD-0C7D92C4ADFD}.Debug|Any CPU.Build.0 = Debug|Any CPU
		{81B74419-FFB7-4A74-96AD-0C7D92C4ADFD}.Release|Any CPU.ActiveCfg = Release|Any CPU
		{81B74419-FFB7-4A74-96AD-0C7D92C4ADFD}.Release|Any CPU.Build.0 = Release|Any CPU
		{B0ADE0AF-3A0F-4463-9CF1-4B87E2C33FD5}.Debug|Any CPU.ActiveCfg = Debug|Any CPU
		{B0ADE0AF-3A0F-4463-9CF1-4B87E2C33FD5}.Debug|Any CPU.Build.0 = Debug|Any CPU
		{B0ADE0AF-3A0F-4463-9CF1-4B87E2C33FD5}.Release|Any CPU.ActiveCfg = Release|Any CPU
		{B0ADE0AF-3A0F-4463-9CF1-4B87E2C33FD5}.Release|Any CPU.Build.0 = Release|Any CPU
		{084E0BEE-F129-4BBB-83F5-9609050E78FC}.Debug|Any CPU.ActiveCfg = Debug|Any CPU
		{084E0BEE-F129-4BBB-83F5-9609050E78FC}.Debug|Any CPU.Build.0 = Debug|Any CPU
		{084E0BEE-F129-4BBB-83F5-9609050E78FC}.Release|Any CPU.ActiveCfg = Release|Any CPU
		{084E0BEE-F129-4BBB-83F5-9609050E78FC}.Release|Any CPU.Build.0 = Release|Any CPU
		{D9EB0FCA-E34C-454C-9E90-E72204BAC687}.Debug|Any CPU.ActiveCfg = Debug|Any CPU
		{D9EB0FCA-E34C-454C-9E90-E72204BAC687}.Debug|Any CPU.Build.0 = Debug|Any CPU
		{D9EB0FCA-E34C-454C-9E90-E72204BAC687}.Release|Any CPU.ActiveCfg = Release|Any CPU
		{D9EB0FCA-E34C-454C-9E90-E72204BAC687}.Release|Any CPU.Build.0 = Release|Any CPU
		{1AE8455C-6A78-414B-B754-35226E973A7D}.Debug|Any CPU.ActiveCfg = Debug|Any CPU
		{1AE8455C-6A78-414B-B754-35226E973A7D}.Debug|Any CPU.Build.0 = Debug|Any CPU
		{1AE8455C-6A78-414B-B754-35226E973A7D}.Release|Any CPU.ActiveCfg = Release|Any CPU
		{1AE8455C-6A78-414B-B754-35226E973A7D}.Release|Any CPU.Build.0 = Release|Any CPU
		{985E1582-4F11-4615-9143-1DEE2A5D22E1}.Debug|Any CPU.ActiveCfg = Debug|Any CPU
		{985E1582-4F11-4615-9143-1DEE2A5D22E1}.Debug|Any CPU.Build.0 = Debug|Any CPU
		{985E1582-4F11-4615-9143-1DEE2A5D22E1}.Release|Any CPU.ActiveCfg = Release|Any CPU
		{985E1582-4F11-4615-9143-1DEE2A5D22E1}.Release|Any CPU.Build.0 = Release|Any CPU
		{E0FE06B2-4E4E-406B-B23B-669219E3F3FF}.Debug|Any CPU.ActiveCfg = Debug|Any CPU
		{E0FE06B2-4E4E-406B-B23B-669219E3F3FF}.Debug|Any CPU.Build.0 = Debug|Any CPU
		{E0FE06B2-4E4E-406B-B23B-669219E3F3FF}.Release|Any CPU.ActiveCfg = Release|Any CPU
		{E0FE06B2-4E4E-406B-B23B-669219E3F3FF}.Release|Any CPU.Build.0 = Release|Any CPU
		{2A048F81-5831-4A15-B9C3-EB5214850AD5}.Debug|Any CPU.ActiveCfg = Debug|Any CPU
		{2A048F81-5831-4A15-B9C3-EB5214850AD5}.Debug|Any CPU.Build.0 = Debug|Any CPU
		{2A048F81-5831-4A15-B9C3-EB5214850AD5}.Release|Any CPU.ActiveCfg = Release|Any CPU
		{2A048F81-5831-4A15-B9C3-EB5214850AD5}.Release|Any CPU.Build.0 = Release|Any CPU
		{E786AFD9-98A9-4919-9BD7-6462238963FC}.Debug|Any CPU.ActiveCfg = Debug|Any CPU
		{E786AFD9-98A9-4919-9BD7-6462238963FC}.Debug|Any CPU.Build.0 = Debug|Any CPU
		{E786AFD9-98A9-4919-9BD7-6462238963FC}.Release|Any CPU.ActiveCfg = Release|Any CPU
		{E786AFD9-98A9-4919-9BD7-6462238963FC}.Release|Any CPU.Build.0 = Release|Any CPU
		{C9CAFC98-5211-4043-9070-048655DEF87C}.Debug|Any CPU.ActiveCfg = Debug|Any CPU
		{C9CAFC98-5211-4043-9070-048655DEF87C}.Debug|Any CPU.Build.0 = Debug|Any CPU
		{C9CAFC98-5211-4043-9070-048655DEF87C}.Release|Any CPU.ActiveCfg = Release|Any CPU
		{C9CAFC98-5211-4043-9070-048655DEF87C}.Release|Any CPU.Build.0 = Release|Any CPU
		{9DF21393-48E5-4E06-8DFA-3476181B6D62}.Debug|Any CPU.ActiveCfg = Debug|Any CPU
		{9DF21393-48E5-4E06-8DFA-3476181B6D62}.Debug|Any CPU.Build.0 = Debug|Any CPU
		{9DF21393-48E5-4E06-8DFA-3476181B6D62}.Release|Any CPU.ActiveCfg = Release|Any CPU
		{9DF21393-48E5-4E06-8DFA-3476181B6D62}.Release|Any CPU.Build.0 = Release|Any CPU
		{DD62E0D3-E71B-4CA3-9D88-A375A6B03682}.Debug|Any CPU.ActiveCfg = Debug|Any CPU
		{DD62E0D3-E71B-4CA3-9D88-A375A6B03682}.Debug|Any CPU.Build.0 = Debug|Any CPU
		{DD62E0D3-E71B-4CA3-9D88-A375A6B03682}.Release|Any CPU.ActiveCfg = Release|Any CPU
		{DD62E0D3-E71B-4CA3-9D88-A375A6B03682}.Release|Any CPU.Build.0 = Release|Any CPU
		{E9CC596F-DCC7-4A3A-990F-E7202BC1E868}.Debug|Any CPU.ActiveCfg = Debug|Any CPU
		{E9CC596F-DCC7-4A3A-990F-E7202BC1E868}.Debug|Any CPU.Build.0 = Debug|Any CPU
		{E9CC596F-DCC7-4A3A-990F-E7202BC1E868}.Release|Any CPU.ActiveCfg = Release|Any CPU
		{E9CC596F-DCC7-4A3A-990F-E7202BC1E868}.Release|Any CPU.Build.0 = Release|Any CPU
	EndGlobalSection
	GlobalSection(SolutionProperties) = preSolution
		HideSolutionNode = FALSE
	EndGlobalSection
	GlobalSection(ExtensibilityGlobals) = postSolution
		SolutionGuid = {45EB9356-913D-4FA6-8922-9175017D19C4}
	EndGlobalSection
EndGlobal
